
Microsoft Visual Studio Solution File, Format Version 12.00
# Visual Studio Version 17
VisualStudioVersion = 17.10.35027.167
MinimumVisualStudioVersion = 10.0.40219.1
Project("{FAE04EC0-301F-11D3-BF4B-00C04F79EFBC}") = "ClubeDoLivro", "ClubeDoLivro\ClubeDoLivro.csproj", "{27B553F5-9879-4491-AA12-8077D12A25C0}"
EndProject
Global
	GlobalSection(SolutionConfigurationPlatforms) = preSolution
		Debug|Any CPU = Debug|Any CPU
		Release|Any CPU = Release|Any CPU
	EndGlobalSection
	GlobalSection(ProjectConfigurationPlatforms) = postSolution
		{27B553F5-9879-4491-AA12-8077D12A25C0}.Debug|Any CPU.ActiveCfg = Debug|Any CPU
		{27B553F5-9879-4491-AA12-8077D12A25C0}.Debug|Any CPU.Build.0 = Debug|Any CPU
		{27B553F5-9879-4491-AA12-8077D12A25C0}.Release|Any CPU.ActiveCfg = Release|Any CPU
		{27B553F5-9879-4491-AA12-8077D12A25C0}.Release|Any CPU.Build.0 = Release|Any CPU
	EndGlobalSection
	GlobalSection(SolutionProperties) = preSolution
		HideSolutionNode = FALSE
	EndGlobalSection
	GlobalSection(ExtensibilityGlobals) = postSolution
		SolutionGuid = {E7F91E50-71EF-404B-89D6-AD7BE6FFD53A}
	EndGlobalSection
EndGlobal
